
Microsoft Visual Studio Solution File, Format Version 12.00
Project("{2150E333-8FDC-42A3-9474-1A3956D46DE8}") = "", "", "{79BB8BCB-ED9A-475E-95A6-4F861F71729B}"
EndProject
Project("{2150E333-8FDC-42A3-9474-1A3956D46DE8}") = "Common", "Common", "{F5A1BCAB-254B-4765-A642-3AAB6B4FA24A}"
EndProject
Project("{2150E333-8FDC-42A3-9474-1A3956D46DE8}") = "Core", "Core", "{50F1DAA6-F855-469D-B2D4-EE409426C3AB}"
EndProject
Project("{2150E333-8FDC-42A3-9474-1A3956D46DE8}") = "Infrastrucutre", "Infrastrucutre", "{3CF75647-1623-4425-B932-BD14354CCCA0}"
EndProject
Project("{2150E333-8FDC-42A3-9474-1A3956D46DE8}") = "Presentation ", "Presentation ", "{839A7066-F3B4-40B7-B3EA-308D4E279CC2}"
EndProject
Project("{FAE04EC0-301F-11D3-BF4B-00C04F79EFBC}") = "DDD-Demo.Common", "DDD-Demo.Common\DDD-Demo.Common.csproj", "{A5E00FB7-5B29-487C-B166-A405D539859D}"
EndProject
Project("{FAE04EC0-301F-11D3-BF4B-00C04F79EFBC}") = "DDD-Demo.Application", "DDD-Demo.Application\DDD-Demo.Application.csproj", "{A2319F09-C82A-49E3-93A7-04EF15AED0C7}"
EndProject
Project("{FAE04EC0-301F-11D3-BF4B-00C04F79EFBC}") = "DDD-Demo.Domain", "DDD-Demo.Domain\DDD-Demo.Domain.csproj", "{47F8DE7D-3389-407A-9364-9D1025121821}"
EndProject
Project("{FAE04EC0-301F-11D3-BF4B-00C04F79EFBC}") = "DDD-Demo.Infrastructure", "DDD-Demo.Infrastructure\DDD-Demo.Infrastructure.csproj", "{AABD4D58-D276-4398-9BA9-686DDC256A8B}"
EndProject
Project("{FAE04EC0-301F-11D3-BF4B-00C04F79EFBC}") = "DDD-Demo.Persistance", "DDD-Demo.Persistance\DDD-Demo.Persistance.csproj", "{C30D088A-5150-4312-9366-D6716B4C39B5}"
EndProject
Project("{FAE04EC0-301F-11D3-BF4B-00C04F79EFBC}") = "DDD-Demo.API", "DDD-Demo.API\DDD-Demo.API.csproj", "{FD65384C-B6A2-4E46-BC2A-6968D312484D}"
EndProject
Global
	GlobalSection(SolutionConfigurationPlatforms) = preSolution
		Debug|Any CPU = Debug|Any CPU
		Release|Any CPU = Release|Any CPU
	EndGlobalSection
	GlobalSection(NestedProjects) = preSolution
		{F5A1BCAB-254B-4765-A642-3AAB6B4FA24A} = {79BB8BCB-ED9A-475E-95A6-4F861F71729B}
		{50F1DAA6-F855-469D-B2D4-EE409426C3AB} = {79BB8BCB-ED9A-475E-95A6-4F861F71729B}
		{3CF75647-1623-4425-B932-BD14354CCCA0} = {79BB8BCB-ED9A-475E-95A6-4F861F71729B}
		{839A7066-F3B4-40B7-B3EA-308D4E279CC2} = {79BB8BCB-ED9A-475E-95A6-4F861F71729B}
		{A5E00FB7-5B29-487C-B166-A405D539859D} = {F5A1BCAB-254B-4765-A642-3AAB6B4FA24A}
		{A2319F09-C82A-49E3-93A7-04EF15AED0C7} = {50F1DAA6-F855-469D-B2D4-EE409426C3AB}
		{47F8DE7D-3389-407A-9364-9D1025121821} = {50F1DAA6-F855-469D-B2D4-EE409426C3AB}
		{AABD4D58-D276-4398-9BA9-686DDC256A8B} = {3CF75647-1623-4425-B932-BD14354CCCA0}
		{C30D088A-5150-4312-9366-D6716B4C39B5} = {3CF75647-1623-4425-B932-BD14354CCCA0}
		{FD65384C-B6A2-4E46-BC2A-6968D312484D} = {839A7066-F3B4-40B7-B3EA-308D4E279CC2}
	EndGlobalSection
	GlobalSection(ProjectConfigurationPlatforms) = postSolution
		{A5E00FB7-5B29-487C-B166-A405D539859D}.Debug|Any CPU.ActiveCfg = Debug|Any CPU
		{A5E00FB7-5B29-487C-B166-A405D539859D}.Debug|Any CPU.Build.0 = Debug|Any CPU
		{A5E00FB7-5B29-487C-B166-A405D539859D}.Release|Any CPU.ActiveCfg = Release|Any CPU
		{A5E00FB7-5B29-487C-B166-A405D539859D}.Release|Any CPU.Build.0 = Release|Any CPU
		{A2319F09-C82A-49E3-93A7-04EF15AED0C7}.Debug|Any CPU.ActiveCfg = Debug|Any CPU
		{A2319F09-C82A-49E3-93A7-04EF15AED0C7}.Debug|Any CPU.Build.0 = Debug|Any CPU
		{A2319F09-C82A-49E3-93A7-04EF15AED0C7}.Release|Any CPU.ActiveCfg = Release|Any CPU
		{A2319F09-C82A-49E3-93A7-04EF15AED0C7}.Release|Any CPU.Build.0 = Release|Any CPU
		{47F8DE7D-3389-407A-9364-9D1025121821}.Debug|Any CPU.ActiveCfg = Debug|Any CPU
		{47F8DE7D-3389-407A-9364-9D1025121821}.Debug|Any CPU.Build.0 = Debug|Any CPU
		{47F8DE7D-3389-407A-9364-9D1025121821}.Release|Any CPU.ActiveCfg = Release|Any CPU
		{47F8DE7D-3389-407A-9364-9D1025121821}.Release|Any CPU.Build.0 = Release|Any CPU
		{AABD4D58-D276-4398-9BA9-686DDC256A8B}.Debug|Any CPU.ActiveCfg = Debug|Any CPU
		{AABD4D58-D276-4398-9BA9-686DDC256A8B}.Debug|Any CPU.Build.0 = Debug|Any CPU
		{AABD4D58-D276-4398-9BA9-686DDC256A8B}.Release|Any CPU.ActiveCfg = Release|Any CPU
		{AABD4D58-D276-4398-9BA9-686DDC256A8B}.Release|Any CPU.Build.0 = Release|Any CPU
		{C30D088A-5150-4312-9366-D6716B4C39B5}.Debug|Any CPU.ActiveCfg = Debug|Any CPU
		{C30D088A-5150-4312-9366-D6716B4C39B5}.Debug|Any CPU.Build.0 = Debug|Any CPU
		{C30D088A-5150-4312-9366-D6716B4C39B5}.Release|Any CPU.ActiveCfg = Release|Any CPU
		{C30D088A-5150-4312-9366-D6716B4C39B5}.Release|Any CPU.Build.0 = Release|Any CPU
		{FD65384C-B6A2-4E46-BC2A-6968D312484D}.Debug|Any CPU.ActiveCfg = Debug|Any CPU
		{FD65384C-B6A2-4E46-BC2A-6968D312484D}.Debug|Any CPU.Build.0 = Debug|Any CPU
		{FD65384C-B6A2-4E46-BC2A-6968D312484D}.Release|Any CPU.ActiveCfg = Release|Any CPU
		{FD65384C-B6A2-4E46-BC2A-6968D312484D}.Release|Any CPU.Build.0 = Release|Any CPU
	EndGlobalSection
EndGlobal
